# This file is automatically @generated by Cargo.
# It is not intended for manual editing.
version = 3

[[package]]
name = "multimap"
version = "0.9.0"
source = "registry+https://github.com/rust-lang/crates.io-index"
checksum = "70db9248a93dc36a36d9a47898caa007a32755c7ad140ec64eeeb50d5a730631"
dependencies = [
 "serde",
]

[[package]]
name = "rust-hashmap"
version = "0.1.0"
dependencies = [
 "multimap",
]

[[package]]
name = "serde"
version = "1.0.160"
source = "registry+https://github.com/rust-lang/crates.io-index"
checksum = "bb2f3770c8bce3bcda7e149193a069a0f4365bda1fa5cd88e03bca26afc1216c"
